# This file is generated by running "yarn install" inside your project.
# Manual changes might be lost - proceed with caution!

__metadata:
  version: 6
  cacheKey: 8

"@babel/runtime@npm:^7.14.6, @babel/runtime@npm:^7.7.6":
  version: 7.18.3
  resolution: "@babel/runtime@npm:7.18.3"
  dependencies:
    regenerator-runtime: ^0.13.4
  checksum: db8526226aa02cfa35a5a7ac1a34b5f303c62a1f000c7db48cb06c6290e616483e5036ab3c4e7a84d0f3be6d4e2148d5fe5cec9564bf955f505c3e764b83d7f1
  languageName: node
  linkType: hard

"all-contributors-cli@npm:^6.14.0":
  version: 6.20.0
  resolution: "all-contributors-cli@npm:6.20.0"
  dependencies:
    "@babel/runtime": ^7.7.6
    async: ^3.0.1
    chalk: ^4.0.0
    didyoumean: ^1.2.1
    inquirer: ^7.0.4
    json-fixer: ^1.5.1
    lodash: ^4.11.2
    node-fetch: ^2.6.0
    pify: ^5.0.0
    yargs: ^15.0.1
  bin:
    all-contributors: dist/cli.js
  checksum: 3ac54cc73b75960be0d0304b22301d56f2422d509660860ab5cdb55bce1a3a1d3b3eba63b470a6edbe9568dfc4fd0c8176b0702ea2bdb430376c9c57900f53f4
  languageName: node
  linkType: hard

"ansi-escapes@npm:^4.2.1":
  version: 4.3.2
  resolution: "ansi-escapes@npm:4.3.2"
  dependencies:
    type-fest: ^0.21.3
  checksum: 93111c42189c0a6bed9cdb4d7f2829548e943827ee8479c74d6e0b22ee127b2a21d3f8b5ca57723b8ef78ce011fbfc2784350eb2bde3ccfccf2f575fa8489815
  languageName: node
  linkType: hard

"ansi-regex@npm:^5.0.1":
  version: 5.0.1
  resolution: "ansi-regex@npm:5.0.1"
  checksum: 2aa4bb54caf2d622f1afdad09441695af2a83aa3fe8b8afa581d205e57ed4261c183c4d3877cee25794443fde5876417d859c108078ab788d6af7e4fe52eb66b
  languageName: node
  linkType: hard

"ansi-styles@npm:^4.0.0, ansi-styles@npm:^4.1.0":
  version: 4.3.0
  resolution: "ansi-styles@npm:4.3.0"
  dependencies:
    color-convert: ^2.0.1
  checksum: 513b44c3b2105dd14cc42a19271e80f386466c4be574bccf60b627432f9198571ebf4ab1e4c3ba17347658f4ee1711c163d574248c0c1cdc2d5917a0ad582ec4
  languageName: node
  linkType: hard

"async@npm:^3.0.1":
  version: 3.2.4
  resolution: "async@npm:3.2.4"
  checksum: 43d07459a4e1d09b84a20772414aa684ff4de085cbcaec6eea3c7a8f8150e8c62aa6cd4e699fe8ee93c3a5b324e777d34642531875a0817a35697522c1b02e89
  languageName: node
  linkType: hard

"boolbase@npm:^1.0.0":
  version: 1.0.0
  resolution: "boolbase@npm:1.0.0"
  checksum: 3e25c80ef626c3a3487c73dbfc70ac322ec830666c9ad915d11b701142fab25ec1e63eff2c450c74347acfd2de854ccde865cd79ef4db1683f7c7b046ea43bb0
  languageName: node
  linkType: hard

"call-bind@npm:^1.0.0, call-bind@npm:^1.0.2":
  version: 1.0.2
  resolution: "call-bind@npm:1.0.2"
  dependencies:
    function-bind: ^1.1.1
    get-intrinsic: ^1.0.2
  checksum: f8e31de9d19988a4b80f3e704788c4a2d6b6f3d17cfec4f57dc29ced450c53a49270dc66bf0fbd693329ee948dd33e6c90a329519aef17474a4d961e8d6426b0
  languageName: node
  linkType: hard

"camelcase@npm:^5.0.0":
  version: 5.3.1
  resolution: "camelcase@npm:5.3.1"
  checksum: e6effce26b9404e3c0f301498184f243811c30dfe6d0b9051863bd8e4034d09c8c2923794f280d6827e5aa055f6c434115ff97864a16a963366fb35fd673024b
  languageName: node
  linkType: hard

"chalk@npm:^4.0.0, chalk@npm:^4.1.0, chalk@npm:^4.1.2":
  version: 4.1.2
  resolution: "chalk@npm:4.1.2"
  dependencies:
    ansi-styles: ^4.1.0
    supports-color: ^7.1.0
  checksum: fe75c9d5c76a7a98d45495b91b2172fa3b7a09e0cc9370e5c8feb1c567b85c4288e2b3fded7cfdd7359ac28d6b3844feb8b82b8686842e93d23c827c417e83fc
  languageName: node
  linkType: hard

"chardet@npm:^0.7.0":
  version: 0.7.0
  resolution: "chardet@npm:0.7.0"
  checksum: 6fd5da1f5d18ff5712c1e0aed41da200d7c51c28f11b36ee3c7b483f3696dabc08927fc6b227735eb8f0e1215c9a8abd8154637f3eff8cada5959df7f58b024d
  languageName: node
  linkType: hard

"cheerio-select@npm:^2.1.0":
  version: 2.1.0
  resolution: "cheerio-select@npm:2.1.0"
  dependencies:
    boolbase: ^1.0.0
    css-select: ^5.1.0
    css-what: ^6.1.0
    domelementtype: ^2.3.0
    domhandler: ^5.0.3
    domutils: ^3.0.1
  checksum: 843d6d479922f28a6c5342c935aff1347491156814de63c585a6eb73baf7bb4185c1b4383a1195dca0f12e3946d737c7763bcef0b9544c515d905c5c44c5308b
  languageName: node
  linkType: hard

"cheerio@npm:^1.0.0-rc.6":
  version: 1.0.0-rc.12
  resolution: "cheerio@npm:1.0.0-rc.12"
  dependencies:
    cheerio-select: ^2.1.0
    dom-serializer: ^2.0.0
    domhandler: ^5.0.3
    domutils: ^3.0.1
    htmlparser2: ^8.0.1
    parse5: ^7.0.0
    parse5-htmlparser2-tree-adapter: ^7.0.0
  checksum: 5d4c1b7a53cf22d3a2eddc0aff70cf23cbb30d01a4c79013e703a012475c02461aa1fcd99127e8d83a02216386ed6942b2c8103845fd0812300dd199e6e7e054
  languageName: node
  linkType: hard

"cli-cursor@npm:^3.1.0":
  version: 3.1.0
  resolution: "cli-cursor@npm:3.1.0"
  dependencies:
    restore-cursor: ^3.1.0
  checksum: 2692784c6cd2fd85cfdbd11f53aea73a463a6d64a77c3e098b2b4697a20443f430c220629e1ca3b195ea5ac4a97a74c2ee411f3807abf6df2b66211fec0c0a29
  languageName: node
  linkType: hard

"cli-width@npm:^3.0.0":
  version: 3.0.0
  resolution: "cli-width@npm:3.0.0"
  checksum: 4c94af3769367a70e11ed69aa6095f1c600c0ff510f3921ab4045af961820d57c0233acfa8b6396037391f31b4c397e1f614d234294f979ff61430a6c166c3f6
  languageName: node
  linkType: hard

"cliui@npm:^6.0.0":
  version: 6.0.0
  resolution: "cliui@npm:6.0.0"
  dependencies:
    string-width: ^4.2.0
    strip-ansi: ^6.0.0
    wrap-ansi: ^6.2.0
  checksum: 4fcfd26d292c9f00238117f39fc797608292ae36bac2168cfee4c85923817d0607fe21b3329a8621e01aedf512c99b7eaa60e363a671ffd378df6649fb48ae42
  languageName: node
  linkType: hard

"color-convert@npm:^2.0.1":
  version: 2.0.1
  resolution: "color-convert@npm:2.0.1"
  dependencies:
    color-name: ~1.1.4
  checksum: 79e6bdb9fd479a205c71d89574fccfb22bd9053bd98c6c4d870d65c132e5e904e6034978e55b43d69fcaa7433af2016ee203ce76eeba9cfa554b373e7f7db336
  languageName: node
  linkType: hard

"color-name@npm:~1.1.4":
  version: 1.1.4
  resolution: "color-name@npm:1.1.4"
  checksum: b0445859521eb4021cd0fb0cc1a75cecf67fceecae89b63f62b201cca8d345baf8b952c966862a9d9a2632987d4f6581f0ec8d957dfacece86f0a7919316f610
  languageName: node
  linkType: hard

"cookie@npm:^0.5.0":
  version: 0.5.0
  resolution: "cookie@npm:0.5.0"
  checksum: 1f4bd2ca5765f8c9689a7e8954183f5332139eb72b6ff783d8947032ec1fdf43109852c178e21a953a30c0dd42257828185be01b49d1eb1a67fd054ca588a180
  languageName: node
  linkType: hard

"css-select@npm:^5.1.0":
  version: 5.1.0
  resolution: "css-select@npm:5.1.0"
  dependencies:
    boolbase: ^1.0.0
    css-what: ^6.1.0
    domhandler: ^5.0.2
    domutils: ^3.0.1
    nth-check: ^2.0.1
  checksum: 2772c049b188d3b8a8159907192e926e11824aea525b8282981f72ba3f349cf9ecd523fdf7734875ee2cb772246c22117fc062da105b6d59afe8dcd5c99c9bda
  languageName: node
  linkType: hard

"css-what@npm:^6.1.0":
  version: 6.1.0
  resolution: "css-what@npm:6.1.0"
  checksum: b975e547e1e90b79625918f84e67db5d33d896e6de846c9b584094e529f0c63e2ab85ee33b9daffd05bff3a146a1916bec664e18bb76dd5f66cbff9fc13b2bbe
  languageName: node
  linkType: hard

"decamelize@npm:^1.2.0":
  version: 1.2.0
  resolution: "decamelize@npm:1.2.0"
  checksum: ad8c51a7e7e0720c70ec2eeb1163b66da03e7616d7b98c9ef43cce2416395e84c1e9548dd94f5f6ffecfee9f8b94251fc57121a8b021f2ff2469b2bae247b8aa
  languageName: node
  linkType: hard

"define-properties@npm:^1.1.3, define-properties@npm:^1.1.4":
  version: 1.1.4
  resolution: "define-properties@npm:1.1.4"
  dependencies:
    has-property-descriptors: ^1.0.0
    object-keys: ^1.1.1
  checksum: ce0aef3f9eb193562b5cfb79b2d2c86b6a109dfc9fdcb5f45d680631a1a908c06824ddcdb72b7573b54e26ace07f0a23420aaba0d5c627b34d2c1de8ef527e2b
  languageName: node
  linkType: hard

"didyoumean@npm:^1.2.1":
  version: 1.2.2
  resolution: "didyoumean@npm:1.2.2"
  checksum: d5d98719d58b3c2fa59663c4c42ba9716f1fd01245c31d5fce31915bd3aa26e6aac149788e007358f778ebbd68a2256eb5973e8ca6f221df221ba060115acf2e
  languageName: node
  linkType: hard

"dom-serializer@npm:^2.0.0":
  version: 2.0.0
  resolution: "dom-serializer@npm:2.0.0"
  dependencies:
    domelementtype: ^2.3.0
    domhandler: ^5.0.2
    entities: ^4.2.0
  checksum: cd1810544fd8cdfbd51fa2c0c1128ec3a13ba92f14e61b7650b5de421b88205fd2e3f0cc6ace82f13334114addb90ed1c2f23074a51770a8e9c1273acbc7f3e6
  languageName: node
  linkType: hard

"domelementtype@npm:^2.3.0":
  version: 2.3.0
  resolution: "domelementtype@npm:2.3.0"
  checksum: ee837a318ff702622f383409d1f5b25dd1024b692ef64d3096ff702e26339f8e345820f29a68bcdcea8cfee3531776b3382651232fbeae95612d6f0a75efb4f6
  languageName: node
  linkType: hard

"domhandler@npm:^5.0.1, domhandler@npm:^5.0.2, domhandler@npm:^5.0.3":
  version: 5.0.3
  resolution: "domhandler@npm:5.0.3"
  dependencies:
    domelementtype: ^2.3.0
  checksum: 0f58f4a6af63e6f3a4320aa446d28b5790a009018707bce2859dcb1d21144c7876482b5188395a188dfa974238c019e0a1e610d2fc269a12b2c192ea2b0b131c
  languageName: node
  linkType: hard

"domutils@npm:^3.0.1":
  version: 3.0.1
  resolution: "domutils@npm:3.0.1"
  dependencies:
    dom-serializer: ^2.0.0
    domelementtype: ^2.3.0
    domhandler: ^5.0.1
  checksum: 23aa7a840572d395220e173cb6263b0d028596e3950100520870a125af33ff819e6f609e1606d6f7d73bd9e7feb03bb404286e57a39063b5384c62b724d987b3
  languageName: node
  linkType: hard

"dotenv-expand@npm:^5.1.0":
  version: 5.1.0
  resolution: "dotenv-expand@npm:5.1.0"
  checksum: 8017675b7f254384915d55f9eb6388e577cf0a1231a28d54b0ca03b782be9501b0ac90ac57338636d395fa59051e6209e9b44b8ddf169ce6076dffb5dea227d3
  languageName: node
  linkType: hard

"dotenv@npm:^8.2.0":
  version: 8.6.0
  resolution: "dotenv@npm:8.6.0"
  checksum: 38e902c80b0666ab59e9310a3d24ed237029a7ce34d976796349765ac96b8d769f6df19090f1f471b77a25ca391971efde8a1ea63bb83111bd8bec8e5cc9b2cd
  languageName: node
  linkType: hard

"emoji-regex@npm:^8.0.0":
  version: 8.0.0
  resolution: "emoji-regex@npm:8.0.0"
  checksum: d4c5c39d5a9868b5fa152f00cada8a936868fd3367f33f71be515ecee4c803132d11b31a6222b2571b1e5f7e13890156a94880345594d0ce7e3c9895f560f192
  languageName: node
  linkType: hard

"entities@npm:^4.2.0, entities@npm:^4.3.0":
  version: 4.3.0
  resolution: "entities@npm:4.3.0"
  checksum: f6abacfe1f4ee06a98aae713ed0b97d4dbd1fcd4c90840d16c6c7535a4e34df1445614c987b7b359ab8362823f050158b8fd435652f0ac18c45683174cbec6ce
  languageName: node
  linkType: hard

"es-abstract@npm:^1.19.0, es-abstract@npm:^1.19.1, es-abstract@npm:^1.19.5":
  version: 1.20.4
  resolution: "es-abstract@npm:1.20.4"
  dependencies:
    call-bind: ^1.0.2
    es-to-primitive: ^1.2.1
    function-bind: ^1.1.1
    function.prototype.name: ^1.1.5
    get-intrinsic: ^1.1.3
    get-symbol-description: ^1.0.0
    has: ^1.0.3
    has-property-descriptors: ^1.0.0
    has-symbols: ^1.0.3
    internal-slot: ^1.0.3
    is-callable: ^1.2.7
    is-negative-zero: ^2.0.2
    is-regex: ^1.1.4
    is-shared-array-buffer: ^1.0.2
    is-string: ^1.0.7
    is-weakref: ^1.0.2
    object-inspect: ^1.12.2
    object-keys: ^1.1.1
    object.assign: ^4.1.4
    regexp.prototype.flags: ^1.4.3
    safe-regex-test: ^1.0.0
    string.prototype.trimend: ^1.0.5
    string.prototype.trimstart: ^1.0.5
    unbox-primitive: ^1.0.2
  checksum: 89297cc785c31aedf961a603d5a07ed16471e435d3a1b6d070b54f157cf48454b95cda2ac55e4b86ff4fe3276e835fcffd2771578e6fa634337da49b26826141
  languageName: node
  linkType: hard

"es-to-primitive@npm:^1.2.1":
  version: 1.2.1
  resolution: "es-to-primitive@npm:1.2.1"
  dependencies:
    is-callable: ^1.1.4
    is-date-object: ^1.0.1
    is-symbol: ^1.0.2
  checksum: 4ead6671a2c1402619bdd77f3503991232ca15e17e46222b0a41a5d81aebc8740a77822f5b3c965008e631153e9ef0580540007744521e72de8e33599fca2eed
  languageName: node
  linkType: hard

"escape-string-regexp@npm:^1.0.5":
  version: 1.0.5
  resolution: "escape-string-regexp@npm:1.0.5"
  checksum: 6092fda75c63b110c706b6a9bfde8a612ad595b628f0bd2147eea1d3406723020810e591effc7db1da91d80a71a737a313567c5abb3813e8d9c71f4aa595b410
  languageName: node
  linkType: hard

"external-editor@npm:^3.0.3":
  version: 3.1.0
  resolution: "external-editor@npm:3.1.0"
  dependencies:
    chardet: ^0.7.0
    iconv-lite: ^0.4.24
    tmp: ^0.0.33
  checksum: 1c2a616a73f1b3435ce04030261bed0e22d4737e14b090bb48e58865da92529c9f2b05b893de650738d55e692d071819b45e1669259b2b354bc3154d27a698c7
  languageName: node
  linkType: hard

"figures@npm:^3.0.0":
  version: 3.2.0
  resolution: "figures@npm:3.2.0"
  dependencies:
    escape-string-regexp: ^1.0.5
  checksum: 85a6ad29e9aca80b49b817e7c89ecc4716ff14e3779d9835af554db91bac41c0f289c418923519392a1e582b4d10482ad282021330cd045bb7b80c84152f2a2b
  languageName: node
  linkType: hard

"find-up@npm:^4.1.0":
  version: 4.1.0
  resolution: "find-up@npm:4.1.0"
  dependencies:
    locate-path: ^5.0.0
    path-exists: ^4.0.0
  checksum: 4c172680e8f8c1f78839486e14a43ef82e9decd0e74145f40707cc42e7420506d5ec92d9a11c22bd2c48fb0c384ea05dd30e10dd152fefeec6f2f75282a8b844
  languageName: node
  linkType: hard

"form-urlencoded@npm:^6.0.0":
  version: 6.0.6
  resolution: "form-urlencoded@npm:6.0.6"
  checksum: ede8c4d93d9d64e36ad3a691b6e41b95eb43c2d380dae0e9e2fbf80ea0efb030b0633d7bd562d3b6033cbf8f4be9d84fbdc3a6cc3b6aef5b900891b2e3ebe172
  languageName: node
  linkType: hard

"function-bind@npm:^1.1.1":
  version: 1.1.1
  resolution: "function-bind@npm:1.1.1"
  checksum: b32fbaebb3f8ec4969f033073b43f5c8befbb58f1a79e12f1d7490358150359ebd92f49e72ff0144f65f2c48ea2a605bff2d07965f548f6474fd8efd95bf361a
  languageName: node
  linkType: hard

"function.prototype.name@npm:^1.1.5":
  version: 1.1.5
  resolution: "function.prototype.name@npm:1.1.5"
  dependencies:
    call-bind: ^1.0.2
    define-properties: ^1.1.3
    es-abstract: ^1.19.0
    functions-have-names: ^1.2.2
  checksum: acd21d733a9b649c2c442f067567743214af5fa248dbeee69d8278ce7df3329ea5abac572be9f7470b4ec1cd4d8f1040e3c5caccf98ebf2bf861a0deab735c27
  languageName: node
  linkType: hard

"functions-have-names@npm:^1.2.2":
  version: 1.2.3
  resolution: "functions-have-names@npm:1.2.3"
  checksum: c3f1f5ba20f4e962efb71344ce0a40722163e85bee2101ce25f88214e78182d2d2476aa85ef37950c579eb6cf6ee811c17b3101bb84004bb75655f3e33f3fdb5
  languageName: node
  linkType: hard

"get-caller-file@npm:^2.0.1":
  version: 2.0.5
  resolution: "get-caller-file@npm:2.0.5"
  checksum: b9769a836d2a98c3ee734a88ba712e62703f1df31b94b784762c433c27a386dd6029ff55c2a920c392e33657d80191edbf18c61487e198844844516f843496b9
  languageName: node
  linkType: hard

"get-intrinsic@npm:^1.0.2, get-intrinsic@npm:^1.1.0, get-intrinsic@npm:^1.1.1, get-intrinsic@npm:^1.1.3":
  version: 1.1.3
  resolution: "get-intrinsic@npm:1.1.3"
  dependencies:
    function-bind: ^1.1.1
    has: ^1.0.3
    has-symbols: ^1.0.3
  checksum: 152d79e87251d536cf880ba75cfc3d6c6c50e12b3a64e1ea960e73a3752b47c69f46034456eae1b0894359ce3bc64c55c186f2811f8a788b75b638b06fab228a
  languageName: node
  linkType: hard

"get-symbol-description@npm:^1.0.0":
  version: 1.0.0
  resolution: "get-symbol-description@npm:1.0.0"
  dependencies:
    call-bind: ^1.0.2
    get-intrinsic: ^1.1.1
  checksum: 9ceff8fe968f9270a37a1f73bf3f1f7bda69ca80f4f80850670e0e7b9444ff99323f7ac52f96567f8b5f5fbe7ac717a0d81d3407c7313e82810c6199446a5247
  languageName: node
  linkType: hard

"has-bigints@npm:^1.0.1, has-bigints@npm:^1.0.2":
  version: 1.0.2
  resolution: "has-bigints@npm:1.0.2"
  checksum: 390e31e7be7e5c6fe68b81babb73dfc35d413604d7ee5f56da101417027a4b4ce6a27e46eff97ad040c835b5d228676eae99a9b5c3bc0e23c8e81a49241ff45b
  languageName: node
  linkType: hard

"has-flag@npm:^4.0.0":
  version: 4.0.0
  resolution: "has-flag@npm:4.0.0"
  checksum: 261a1357037ead75e338156b1f9452c016a37dcd3283a972a30d9e4a87441ba372c8b81f818cd0fbcd9c0354b4ae7e18b9e1afa1971164aef6d18c2b6095a8ad
  languageName: node
  linkType: hard

"has-property-descriptors@npm:^1.0.0":
  version: 1.0.0
  resolution: "has-property-descriptors@npm:1.0.0"
  dependencies:
    get-intrinsic: ^1.1.1
  checksum: a6d3f0a266d0294d972e354782e872e2fe1b6495b321e6ef678c9b7a06a40408a6891817350c62e752adced73a94ac903c54734fee05bf65b1905ee1368194bb
  languageName: node
  linkType: hard

"has-symbols@npm:^1.0.2, has-symbols@npm:^1.0.3":
  version: 1.0.3
  resolution: "has-symbols@npm:1.0.3"
  checksum: a054c40c631c0d5741a8285010a0777ea0c068f99ed43e5d6eb12972da223f8af553a455132fdb0801bdcfa0e0f443c0c03a68d8555aa529b3144b446c3f2410
  languageName: node
  linkType: hard

"has-tostringtag@npm:^1.0.0":
  version: 1.0.0
  resolution: "has-tostringtag@npm:1.0.0"
  dependencies:
    has-symbols: ^1.0.2
  checksum: cc12eb28cb6ae22369ebaad3a8ab0799ed61270991be88f208d508076a1e99abe4198c965935ce85ea90b60c94ddda73693b0920b58e7ead048b4a391b502c1c
  languageName: node
  linkType: hard

"has@npm:^1.0.3":
  version: 1.0.3
  resolution: "has@npm:1.0.3"
  dependencies:
    function-bind: ^1.1.1
  checksum: b9ad53d53be4af90ce5d1c38331e712522417d017d5ef1ebd0507e07c2fbad8686fffb8e12ddecd4c39ca9b9b47431afbb975b8abf7f3c3b82c98e9aad052792
  languageName: node
  linkType: hard

"htmlparser2@npm:^8.0.1":
  version: 8.0.1
  resolution: "htmlparser2@npm:8.0.1"
  dependencies:
    domelementtype: ^2.3.0
    domhandler: ^5.0.2
    domutils: ^3.0.1
    entities: ^4.3.0
  checksum: 06d5c71e8313597722bc429ae2a7a8333d77bd3ab07ccb916628384b37332027b047f8619448d8f4a3312b6609c6ea3302a4e77435d859e9e686999e6699ca39
  languageName: node
  linkType: hard

"iconv-lite@npm:^0.4.24":
  version: 0.4.24
  resolution: "iconv-lite@npm:0.4.24"
  dependencies:
    safer-buffer: ">= 2.1.2 < 3"
  checksum: bd9f120f5a5b306f0bc0b9ae1edeb1577161503f5f8252a20f1a9e56ef8775c9959fd01c55f2d3a39d9a8abaf3e30c1abeb1895f367dcbbe0a8fd1c9ca01c4f6
  languageName: node
  linkType: hard

"inquirer@npm:^7.0.4":
  version: 7.3.3
  resolution: "inquirer@npm:7.3.3"
  dependencies:
    ansi-escapes: ^4.2.1
    chalk: ^4.1.0
    cli-cursor: ^3.1.0
    cli-width: ^3.0.0
    external-editor: ^3.0.3
    figures: ^3.0.0
    lodash: ^4.17.19
    mute-stream: 0.0.8
    run-async: ^2.4.0
    rxjs: ^6.6.0
    string-width: ^4.1.0
    strip-ansi: ^6.0.0
    through: ^2.3.6
  checksum: 4d387fc1eb6126acbd58cbdb9ad99d2887d181df86ab0c2b9abdf734e751093e2d5882c2b6dc7144d9ab16b7ab30a78a1d7f01fb6a2850a44aeb175d1e3f8778
  languageName: node
  linkType: hard

"internal-slot@npm:^1.0.3":
  version: 1.0.3
  resolution: "internal-slot@npm:1.0.3"
  dependencies:
    get-intrinsic: ^1.1.0
    has: ^1.0.3
    side-channel: ^1.0.4
  checksum: 1944f92e981e47aebc98a88ff0db579fd90543d937806104d0b96557b10c1f170c51fb777b97740a8b6ddeec585fca8c39ae99fd08a8e058dfc8ab70937238bf
  languageName: node
  linkType: hard

"is-bigint@npm:^1.0.1":
  version: 1.0.4
  resolution: "is-bigint@npm:1.0.4"
  dependencies:
    has-bigints: ^1.0.1
  checksum: c56edfe09b1154f8668e53ebe8252b6f185ee852a50f9b41e8d921cb2bed425652049fbe438723f6cb48a63ca1aa051e948e7e401e093477c99c84eba244f666
  languageName: node
  linkType: hard

"is-boolean-object@npm:^1.1.0":
  version: 1.1.2
  resolution: "is-boolean-object@npm:1.1.2"
  dependencies:
    call-bind: ^1.0.2
    has-tostringtag: ^1.0.0
  checksum: c03b23dbaacadc18940defb12c1c0e3aaece7553ef58b162a0f6bba0c2a7e1551b59f365b91e00d2dbac0522392d576ef322628cb1d036a0fe51eb466db67222
  languageName: node
  linkType: hard

"is-callable@npm:^1.1.4, is-callable@npm:^1.2.7":
  version: 1.2.7
  resolution: "is-callable@npm:1.2.7"
  checksum: 61fd57d03b0d984e2ed3720fb1c7a897827ea174bd44402878e059542ea8c4aeedee0ea0985998aa5cc2736b2fa6e271c08587addb5b3959ac52cf665173d1ac
  languageName: node
  linkType: hard

"is-date-object@npm:^1.0.1":
  version: 1.0.5
  resolution: "is-date-object@npm:1.0.5"
  dependencies:
    has-tostringtag: ^1.0.0
  checksum: baa9077cdf15eb7b58c79398604ca57379b2fc4cf9aa7a9b9e295278648f628c9b201400c01c5e0f7afae56507d741185730307cbe7cad3b9f90a77e5ee342fc
  languageName: node
  linkType: hard

"is-fullwidth-code-point@npm:^3.0.0":
  version: 3.0.0
  resolution: "is-fullwidth-code-point@npm:3.0.0"
  checksum: 44a30c29457c7fb8f00297bce733f0a64cd22eca270f83e58c105e0d015e45c019491a4ab2faef91ab51d4738c670daff901c799f6a700e27f7314029e99e348
  languageName: node
  linkType: hard

"is-negative-zero@npm:^2.0.2":
  version: 2.0.2
  resolution: "is-negative-zero@npm:2.0.2"
  checksum: f3232194c47a549da60c3d509c9a09be442507616b69454716692e37ae9f37c4dea264fb208ad0c9f3efd15a796a46b79df07c7e53c6227c32170608b809149a
  languageName: node
  linkType: hard

"is-number-object@npm:^1.0.4":
  version: 1.0.7
  resolution: "is-number-object@npm:1.0.7"
  dependencies:
    has-tostringtag: ^1.0.0
  checksum: d1e8d01bb0a7134c74649c4e62da0c6118a0bfc6771ea3c560914d52a627873e6920dd0fd0ebc0e12ad2ff4687eac4c308f7e80320b973b2c8a2c8f97a7524f7
  languageName: node
  linkType: hard

"is-regex@npm:^1.1.4":
  version: 1.1.4
  resolution: "is-regex@npm:1.1.4"
  dependencies:
    call-bind: ^1.0.2
    has-tostringtag: ^1.0.0
  checksum: 362399b33535bc8f386d96c45c9feb04cf7f8b41c182f54174c1a45c9abbbe5e31290bbad09a458583ff6bf3b2048672cdb1881b13289569a7c548370856a652
  languageName: node
  linkType: hard

"is-shared-array-buffer@npm:^1.0.2":
  version: 1.0.2
  resolution: "is-shared-array-buffer@npm:1.0.2"
  dependencies:
    call-bind: ^1.0.2
  checksum: 9508929cf14fdc1afc9d61d723c6e8d34f5e117f0bffda4d97e7a5d88c3a8681f633a74f8e3ad1fe92d5113f9b921dc5ca44356492079612f9a247efbce7032a
  languageName: node
  linkType: hard

"is-string@npm:^1.0.5, is-string@npm:^1.0.7":
  version: 1.0.7
  resolution: "is-string@npm:1.0.7"
  dependencies:
    has-tostringtag: ^1.0.0
  checksum: 323b3d04622f78d45077cf89aab783b2f49d24dc641aa89b5ad1a72114cfeff2585efc8c12ef42466dff32bde93d839ad321b26884cf75e5a7892a938b089989
  languageName: node
  linkType: hard

"is-symbol@npm:^1.0.2, is-symbol@npm:^1.0.3":
  version: 1.0.4
  resolution: "is-symbol@npm:1.0.4"
  dependencies:
    has-symbols: ^1.0.2
  checksum: 92805812ef590738d9de49d677cd17dfd486794773fb6fa0032d16452af46e9b91bb43ffe82c983570f015b37136f4b53b28b8523bfb10b0ece7a66c31a54510
  languageName: node
  linkType: hard

"is-weakref@npm:^1.0.2":
  version: 1.0.2
  resolution: "is-weakref@npm:1.0.2"
  dependencies:
    call-bind: ^1.0.2
  checksum: 95bd9a57cdcb58c63b1c401c60a474b0f45b94719c30f548c891860f051bc2231575c290a6b420c6bc6e7ed99459d424c652bd5bf9a1d5259505dc35b4bf83de
  languageName: node
  linkType: hard

"json-fixer@npm:^1.5.1":
  version: 1.6.13
  resolution: "json-fixer@npm:1.6.13"
  dependencies:
    "@babel/runtime": ^7.14.6
    chalk: ^4.1.2
    pegjs: ^0.10.0
  checksum: 21a650768d22290a5cefd0a36a3e709c13edfde9e3d627d5cdfefd54d35d537d6d16446cb5f8ed9a7bf409fb354a9aec7d02bd07d13e3f733cb2bf25c0f6bab9
  languageName: node
  linkType: hard

"locate-path@npm:^5.0.0":
  version: 5.0.0
  resolution: "locate-path@npm:5.0.0"
  dependencies:
    p-locate: ^4.1.0
  checksum: 83e51725e67517287d73e1ded92b28602e3ae5580b301fe54bfb76c0c723e3f285b19252e375712316774cf52006cb236aed5704692c32db0d5d089b69696e30
  languageName: node
  linkType: hard

"lodash@npm:^4.11.2, lodash@npm:^4.17.19":
  version: 4.17.21
  resolution: "lodash@npm:4.17.21"
  checksum: eb835a2e51d381e561e508ce932ea50a8e5a68f4ebdd771ea240d3048244a8d13658acbd502cd4829768c56f2e16bdd4340b9ea141297d472517b83868e677f7
  languageName: node
  linkType: hard

"mimic-fn@npm:^2.1.0":
  version: 2.1.0
  resolution: "mimic-fn@npm:2.1.0"
  checksum: d2421a3444848ce7f84bd49115ddacff29c15745db73f54041edc906c14b131a38d05298dae3081667627a59b2eb1ca4b436ff2e1b80f69679522410418b478a
  languageName: node
  linkType: hard

"mute-stream@npm:0.0.8":
  version: 0.0.8
  resolution: "mute-stream@npm:0.0.8"
  checksum: ff48d251fc3f827e5b1206cda0ffdaec885e56057ee86a3155e1951bc940fd5f33531774b1cc8414d7668c10a8907f863f6561875ee6e8768931a62121a531a1
  languageName: node
  linkType: hard

"node-fetch@npm:^2.6.0":
  version: 2.6.7
  resolution: "node-fetch@npm:2.6.7"
  dependencies:
    whatwg-url: ^5.0.0
  peerDependencies:
    encoding: ^0.1.0
  peerDependenciesMeta:
    encoding:
      optional: true
  checksum: 8d816ffd1ee22cab8301c7756ef04f3437f18dace86a1dae22cf81db8ef29c0bf6655f3215cb0cdb22b420b6fe141e64b26905e7f33f9377a7fa59135ea3e10b
  languageName: node
  linkType: hard

"nth-check@npm:^2.0.1":
  version: 2.1.1
  resolution: "nth-check@npm:2.1.1"
  dependencies:
    boolbase: ^1.0.0
  checksum: 5afc3dafcd1573b08877ca8e6148c52abd565f1d06b1eb08caf982e3fa289a82f2cae697ffb55b5021e146d60443f1590a5d6b944844e944714a5b549675bcd3
  languageName: node
  linkType: hard

"object-inspect@npm:^1.12.2, object-inspect@npm:^1.9.0":
  version: 1.12.2
  resolution: "object-inspect@npm:1.12.2"
  checksum: a534fc1b8534284ed71f25ce3a496013b7ea030f3d1b77118f6b7b1713829262be9e6243acbcb3ef8c626e2b64186112cb7f6db74e37b2789b9c789ca23048b2
  languageName: node
  linkType: hard

"object-keys@npm:^1.1.1":
  version: 1.1.1
  resolution: "object-keys@npm:1.1.1"
  checksum: b363c5e7644b1e1b04aa507e88dcb8e3a2f52b6ffd0ea801e4c7a62d5aa559affe21c55a07fd4b1fd55fc03a33c610d73426664b20032405d7b92a1414c34d6a
  languageName: node
  linkType: hard

"object.assign@npm:^4.1.4":
  version: 4.1.4
  resolution: "object.assign@npm:4.1.4"
  dependencies:
    call-bind: ^1.0.2
    define-properties: ^1.1.4
    has-symbols: ^1.0.3
    object-keys: ^1.1.1
  checksum: 76cab513a5999acbfe0ff355f15a6a125e71805fcf53de4e9d4e082e1989bdb81d1e329291e1e4e0ae7719f0e4ef80e88fb2d367ae60500d79d25a6224ac8864
  languageName: node
  linkType: hard

"onetime@npm:^5.1.0":
  version: 5.1.2
  resolution: "onetime@npm:5.1.2"
  dependencies:
    mimic-fn: ^2.1.0
  checksum: 2478859ef817fc5d4e9c2f9e5728512ddd1dbc9fb7829ad263765bb6d3b91ce699d6e2332eef6b7dff183c2f490bd3349f1666427eaba4469fba0ac38dfd0d34
  languageName: node
  linkType: hard

"os-tmpdir@npm:~1.0.2":
  version: 1.0.2
  resolution: "os-tmpdir@npm:1.0.2"
  checksum: 5666560f7b9f10182548bf7013883265be33620b1c1b4a4d405c25be2636f970c5488ff3e6c48de75b55d02bde037249fe5dbfbb4c0fb7714953d56aed062e6d
  languageName: node
  linkType: hard

"p-limit@npm:^2.2.0":
  version: 2.3.0
  resolution: "p-limit@npm:2.3.0"
  dependencies:
    p-try: ^2.0.0
  checksum: 84ff17f1a38126c3314e91ecfe56aecbf36430940e2873dadaa773ffe072dc23b7af8e46d4b6485d302a11673fe94c6b67ca2cfbb60c989848b02100d0594ac1
  languageName: node
  linkType: hard

"p-locate@npm:^4.1.0":
  version: 4.1.0
  resolution: "p-locate@npm:4.1.0"
  dependencies:
    p-limit: ^2.2.0
  checksum: 513bd14a455f5da4ebfcb819ef706c54adb09097703de6aeaa5d26fe5ea16df92b48d1ac45e01e3944ce1e6aa2a66f7f8894742b8c9d6e276e16cd2049a2b870
  languageName: node
  linkType: hard

"p-try@npm:^2.0.0":
  version: 2.2.0
  resolution: "p-try@npm:2.2.0"
  checksum: f8a8e9a7693659383f06aec604ad5ead237c7a261c18048a6e1b5b85a5f8a067e469aa24f5bc009b991ea3b058a87f5065ef4176793a200d4917349881216cae
  languageName: node
  linkType: hard

"parse5-htmlparser2-tree-adapter@npm:^7.0.0":
  version: 7.0.0
  resolution: "parse5-htmlparser2-tree-adapter@npm:7.0.0"
  dependencies:
    domhandler: ^5.0.2
    parse5: ^7.0.0
  checksum: fc5d01e07733142a1baf81de5c2a9c41426c04b7ab29dd218acb80cd34a63177c90aff4a4aee66cf9f1d0aeecff1389adb7452ad6f8af0a5888e3e9ad6ef733d
  languageName: node
  linkType: hard

"parse5@npm:^7.0.0":
  version: 7.0.0
  resolution: "parse5@npm:7.0.0"
  dependencies:
    entities: ^4.3.0
  checksum: 7da5d61cc18eb36ffa71fc861e65cbfd1f23d96483a6631254e627be667dbc9c93ac0b0e6cb17a13a2e4033dab19bfb2f76f38e5936cfb57240ed49036a83fcc
  languageName: node
  linkType: hard

"path-exists@npm:^4.0.0":
  version: 4.0.0
  resolution: "path-exists@npm:4.0.0"
  checksum: 505807199dfb7c50737b057dd8d351b82c033029ab94cb10a657609e00c1bc53b951cfdbccab8de04c5584d5eff31128ce6afd3db79281874a5ef2adbba55ed1
  languageName: node
  linkType: hard

"pegjs@npm:^0.10.0":
  version: 0.10.0
  resolution: "pegjs@npm:0.10.0"
  bin:
    pegjs: bin/pegjs
  checksum: 65d184ca0e1823ec0a3e7f384d7fd771bcbbc7abf460c82c9704022c1fa325425dc9007c92982b951879c3c9d4c39bf5cd6d99690e0540ff5016c04ca1ecd17e
  languageName: node
  linkType: hard

"pify@npm:^5.0.0":
  version: 5.0.0
  resolution: "pify@npm:5.0.0"
  checksum: 443e3e198ad6bfa8c0c533764cf75c9d5bc976387a163792fb553ffe6ce923887cf14eebf5aea9b7caa8eab930da8c33612990ae85bd8c2bc18bedb9eae94ecb
  languageName: node
  linkType: hard

"prettier@npm:^2.2.1":
  version: 2.7.1
  resolution: "prettier@npm:2.7.1"
  bin:
    prettier: bin-prettier.js
  checksum: 55a4409182260866ab31284d929b3cb961e5fdb91fe0d2e099dac92eaecec890f36e524b4c19e6ceae839c99c6d7195817579cdffc8e2c80da0cb794463a748b
  languageName: node
  linkType: hard

"regenerator-runtime@npm:^0.13.4":
  version: 0.13.9
  resolution: "regenerator-runtime@npm:0.13.9"
  checksum: 65ed455fe5afd799e2897baf691ca21c2772e1a969d19bb0c4695757c2d96249eb74ee3553ea34a91062b2a676beedf630b4c1551cc6299afb937be1426ec55e
  languageName: node
  linkType: hard

"regexp.prototype.flags@npm:^1.4.1, regexp.prototype.flags@npm:^1.4.3":
  version: 1.4.3
  resolution: "regexp.prototype.flags@npm:1.4.3"
  dependencies:
    call-bind: ^1.0.2
    define-properties: ^1.1.3
    functions-have-names: ^1.2.2
  checksum: 51228bae732592adb3ededd5e15426be25f289e9c4ef15212f4da73f4ec3919b6140806374b8894036a86020d054a8d2657d3fee6bb9b4d35d8939c20030b7a6
  languageName: node
  linkType: hard

"require-directory@npm:^2.1.1":
  version: 2.1.1
  resolution: "require-directory@npm:2.1.1"
  checksum: fb47e70bf0001fdeabdc0429d431863e9475e7e43ea5f94ad86503d918423c1543361cc5166d713eaa7029dd7a3d34775af04764bebff99ef413111a5af18c80
  languageName: node
  linkType: hard

"require-main-filename@npm:^2.0.0":
  version: 2.0.0
  resolution: "require-main-filename@npm:2.0.0"
  checksum: e9e294695fea08b076457e9ddff854e81bffbe248ed34c1eec348b7abbd22a0d02e8d75506559e2265e96978f3c4720bd77a6dad84755de8162b357eb6c778c7
  languageName: node
  linkType: hard

"restore-cursor@npm:^3.1.0":
  version: 3.1.0
  resolution: "restore-cursor@npm:3.1.0"
  dependencies:
    onetime: ^5.1.0
    signal-exit: ^3.0.2
  checksum: f877dd8741796b909f2a82454ec111afb84eb45890eb49ac947d87991379406b3b83ff9673a46012fca0d7844bb989f45cc5b788254cf1a39b6b5a9659de0630
  languageName: node
  linkType: hard

"run-async@npm:^2.4.0":
  version: 2.4.1
  resolution: "run-async@npm:2.4.1"
  checksum: a2c88aa15df176f091a2878eb840e68d0bdee319d8d97bbb89112223259cebecb94bc0defd735662b83c2f7a30bed8cddb7d1674eb48ae7322dc602b22d03797
  languageName: node
  linkType: hard

"rxjs@npm:^6.6.0":
  version: 6.6.7
  resolution: "rxjs@npm:6.6.7"
  dependencies:
    tslib: ^1.9.0
  checksum: bc334edef1bb8bbf56590b0b25734ba0deaf8825b703256a93714308ea36dff8a11d25533671adf8e104e5e8f256aa6fdfe39b2e248cdbd7a5f90c260acbbd1b
  languageName: node
  linkType: hard

"safe-regex-test@npm:^1.0.0":
  version: 1.0.0
  resolution: "safe-regex-test@npm:1.0.0"
  dependencies:
    call-bind: ^1.0.2
    get-intrinsic: ^1.1.3
    is-regex: ^1.1.4
  checksum: bc566d8beb8b43c01b94e67de3f070fd2781685e835959bbbaaec91cc53381145ca91f69bd837ce6ec244817afa0a5e974fc4e40a2957f0aca68ac3add1ddd34
  languageName: node
  linkType: hard

"safer-buffer@npm:>= 2.1.2 < 3":
  version: 2.1.2
  resolution: "safer-buffer@npm:2.1.2"
  checksum: cab8f25ae6f1434abee8d80023d7e72b598cf1327164ddab31003c51215526801e40b66c5e65d658a0af1e9d6478cadcb4c745f4bd6751f97d8644786c0978b0
  languageName: node
  linkType: hard

"set-blocking@npm:^2.0.0":
  version: 2.0.0
  resolution: "set-blocking@npm:2.0.0"
  checksum: 6e65a05f7cf7ebdf8b7c75b101e18c0b7e3dff4940d480efed8aad3a36a4005140b660fa1d804cb8bce911cac290441dc728084a30504d3516ac2ff7ad607b02
  languageName: node
  linkType: hard

"side-channel@npm:^1.0.4":
  version: 1.0.4
  resolution: "side-channel@npm:1.0.4"
  dependencies:
    call-bind: ^1.0.0
    get-intrinsic: ^1.0.2
    object-inspect: ^1.9.0
  checksum: 351e41b947079c10bd0858364f32bb3a7379514c399edb64ab3dce683933483fc63fb5e4efe0a15a2e8a7e3c436b6a91736ddb8d8c6591b0460a24bb4a1ee245
  languageName: node
  linkType: hard

"signal-exit@npm:^3.0.2":
  version: 3.0.7
  resolution: "signal-exit@npm:3.0.7"
  checksum: a2f098f247adc367dffc27845853e9959b9e88b01cb301658cfe4194352d8d2bb32e18467c786a7fe15f1d44b233ea35633d076d5e737870b7139949d1ab6318
  languageName: node
  linkType: hard

"string-width@npm:^4.1.0, string-width@npm:^4.2.0":
  version: 4.2.3
  resolution: "string-width@npm:4.2.3"
  dependencies:
    emoji-regex: ^8.0.0
    is-fullwidth-code-point: ^3.0.0
    strip-ansi: ^6.0.1
  checksum: e52c10dc3fbfcd6c3a15f159f54a90024241d0f149cf8aed2982a2d801d2e64df0bf1dc351cf8e95c3319323f9f220c16e740b06faecd53e2462df1d2b5443fb
  languageName: node
  linkType: hard

"string.prototype.matchall@npm:^4.0.2":
  version: 4.0.7
  resolution: "string.prototype.matchall@npm:4.0.7"
  dependencies:
    call-bind: ^1.0.2
    define-properties: ^1.1.3
    es-abstract: ^1.19.1
    get-intrinsic: ^1.1.1
    has-symbols: ^1.0.3
    internal-slot: ^1.0.3
    regexp.prototype.flags: ^1.4.1
    side-channel: ^1.0.4
  checksum: fc09f3ccbfb325de0472bcc87a6be0598a7499e0b4a31db5789676155b15754a4cc4bb83924f15fc9ed48934dac7366ee52c8b9bd160bed6fd072c93b489e75c
  languageName: node
  linkType: hard

"string.prototype.trimend@npm:^1.0.5":
  version: 1.0.5
  resolution: "string.prototype.trimend@npm:1.0.5"
  dependencies:
    call-bind: ^1.0.2
    define-properties: ^1.1.4
    es-abstract: ^1.19.5
  checksum: d44f543833112f57224e79182debadc9f4f3bf9d48a0414d6f0cbd2a86f2b3e8c0ca1f95c3f8e5b32ae83e91554d79d932fc746b411895f03f93d89ed3dfb6bc
  languageName: node
  linkType: hard

"string.prototype.trimstart@npm:^1.0.5":
  version: 1.0.5
  resolution: "string.prototype.trimstart@npm:1.0.5"
  dependencies:
    call-bind: ^1.0.2
    define-properties: ^1.1.4
    es-abstract: ^1.19.5
  checksum: a4857c5399ad709d159a77371eeaa8f9cc284469a0b5e1bfe405de16f1fd4166a8ea6f4180e55032f348d1b679b1599fd4301fbc7a8b72bdb3e795e43f7b1048
  languageName: node
  linkType: hard

"strip-ansi@npm:^6.0.0, strip-ansi@npm:^6.0.1":
  version: 6.0.1
  resolution: "strip-ansi@npm:6.0.1"
  dependencies:
    ansi-regex: ^5.0.1
  checksum: f3cd25890aef3ba6e1a74e20896c21a46f482e93df4a06567cebf2b57edabb15133f1f94e57434e0a958d61186087b1008e89c94875d019910a213181a14fc8c
  languageName: node
  linkType: hard

"supports-color@npm:^7.1.0":
  version: 7.2.0
  resolution: "supports-color@npm:7.2.0"
  dependencies:
    has-flag: ^4.0.0
  checksum: 3dda818de06ebbe5b9653e07842d9479f3555ebc77e9a0280caf5a14fb877ffee9ed57007c3b78f5a6324b8dbeec648d9e97a24e2ed9fdb81ddc69ea07100f4a
  languageName: node
  linkType: hard

"tailwindui-crawler@workspace:.":
  version: 0.0.0-use.local
  resolution: "tailwindui-crawler@workspace:."
  dependencies:
    all-contributors-cli: ^6.14.0
    cheerio: ^1.0.0-rc.6
    cookie: ^0.5.0
    dotenv: ^8.2.0
    dotenv-expand: ^5.1.0
    form-urlencoded: ^6.0.0
    prettier: ^2.2.1
    string.prototype.matchall: ^4.0.2
  bin:
    tailwindui-crawler: ./index.mjs
  languageName: unknown
  linkType: soft

"through@npm:^2.3.6":
  version: 2.3.8
  resolution: "through@npm:2.3.8"
  checksum: a38c3e059853c494af95d50c072b83f8b676a9ba2818dcc5b108ef252230735c54e0185437618596c790bbba8fcdaef5b290405981ffa09dce67b1f1bf190cbd
  languageName: node
  linkType: hard

"tmp@npm:^0.0.33":
  version: 0.0.33
  resolution: "tmp@npm:0.0.33"
  dependencies:
    os-tmpdir: ~1.0.2
  checksum: 902d7aceb74453ea02abbf58c203f4a8fc1cead89b60b31e354f74ed5b3fb09ea817f94fb310f884a5d16987dd9fa5a735412a7c2dd088dd3d415aa819ae3a28
  languageName: node
  linkType: hard

"tr46@npm:~0.0.3":
  version: 0.0.3
  resolution: "tr46@npm:0.0.3"
  checksum: 726321c5eaf41b5002e17ffbd1fb7245999a073e8979085dacd47c4b4e8068ff5777142fc6726d6ca1fd2ff16921b48788b87225cbc57c72636f6efa8efbffe3
  languageName: node
  linkType: hard

"tslib@npm:^1.9.0":
  version: 1.14.1
  resolution: "tslib@npm:1.14.1"
  checksum: dbe628ef87f66691d5d2959b3e41b9ca0045c3ee3c7c7b906cc1e328b39f199bb1ad9e671c39025bd56122ac57dfbf7385a94843b1cc07c60a4db74795829acd
  languageName: node
  linkType: hard

"type-fest@npm:^0.21.3":
  version: 0.21.3
  resolution: "type-fest@npm:0.21.3"
  checksum: e6b32a3b3877f04339bae01c193b273c62ba7bfc9e325b8703c4ee1b32dc8fe4ef5dfa54bf78265e069f7667d058e360ae0f37be5af9f153b22382cd55a9afe0
  languageName: node
  linkType: hard

"unbox-primitive@npm:^1.0.2":
  version: 1.0.2
  resolution: "unbox-primitive@npm:1.0.2"
  dependencies:
    call-bind: ^1.0.2
    has-bigints: ^1.0.2
    has-symbols: ^1.0.3
    which-boxed-primitive: ^1.0.2
  checksum: b7a1cf5862b5e4b5deb091672ffa579aa274f648410009c81cca63fed3b62b610c4f3b773f912ce545bb4e31edc3138975b5bc777fc6e4817dca51affb6380e9
  languageName: node
  linkType: hard

"webidl-conversions@npm:^3.0.0":
  version: 3.0.1
  resolution: "webidl-conversions@npm:3.0.1"
  checksum: c92a0a6ab95314bde9c32e1d0a6dfac83b578f8fa5f21e675bc2706ed6981bc26b7eb7e6a1fab158e5ce4adf9caa4a0aee49a52505d4d13c7be545f15021b17c
  languageName: node
  linkType: hard

"whatwg-url@npm:^5.0.0":
  version: 5.0.0
  resolution: "whatwg-url@npm:5.0.0"
  dependencies:
    tr46: ~0.0.3
    webidl-conversions: ^3.0.0
  checksum: b8daed4ad3356cc4899048a15b2c143a9aed0dfae1f611ebd55073310c7b910f522ad75d727346ad64203d7e6c79ef25eafd465f4d12775ca44b90fa82ed9e2c
  languageName: node
  linkType: hard

"which-boxed-primitive@npm:^1.0.2":
  version: 1.0.2
  resolution: "which-boxed-primitive@npm:1.0.2"
  dependencies:
    is-bigint: ^1.0.1
    is-boolean-object: ^1.1.0
    is-number-object: ^1.0.4
    is-string: ^1.0.5
    is-symbol: ^1.0.3
  checksum: 53ce774c7379071729533922adcca47220228405e1895f26673bbd71bdf7fb09bee38c1d6399395927c6289476b5ae0629863427fd151491b71c4b6cb04f3a5e
  languageName: node
  linkType: hard

"which-module@npm:^2.0.0":
  version: 2.0.0
  resolution: "which-module@npm:2.0.0"
  checksum: 809f7fd3dfcb2cdbe0180b60d68100c88785084f8f9492b0998c051d7a8efe56784492609d3f09ac161635b78ea29219eb1418a98c15ce87d085bce905705c9c
  languageName: node
  linkType: hard

"wrap-ansi@npm:^6.2.0":
  version: 6.2.0
  resolution: "wrap-ansi@npm:6.2.0"
  dependencies:
    ansi-styles: ^4.0.0
    string-width: ^4.1.0
    strip-ansi: ^6.0.0
  checksum: 6cd96a410161ff617b63581a08376f0cb9162375adeb7956e10c8cd397821f7eb2a6de24eb22a0b28401300bf228c86e50617cd568209b5f6775b93c97d2fe3a
  languageName: node
  linkType: hard

"y18n@npm:^4.0.0":
  version: 4.0.3
  resolution: "y18n@npm:4.0.3"
  checksum: 014dfcd9b5f4105c3bb397c1c8c6429a9df004aa560964fb36732bfb999bfe83d45ae40aeda5b55d21b1ee53d8291580a32a756a443e064317953f08025b1aa4
  languageName: node
  linkType: hard

"yargs-parser@npm:^18.1.2":
  version: 18.1.3
  resolution: "yargs-parser@npm:18.1.3"
  dependencies:
    camelcase: ^5.0.0
    decamelize: ^1.2.0
  checksum: 60e8c7d1b85814594d3719300ecad4e6ae3796748b0926137bfec1f3042581b8646d67e83c6fc80a692ef08b8390f21ddcacb9464476c39bbdf52e34961dd4d9
  languageName: node
  linkType: hard

"yargs@npm:^15.0.1":
  version: 15.4.1
  resolution: "yargs@npm:15.4.1"
  dependencies:
    cliui: ^6.0.0
    decamelize: ^1.2.0
    find-up: ^4.1.0
    get-caller-file: ^2.0.1
    require-directory: ^2.1.1
    require-main-filename: ^2.0.0
    set-blocking: ^2.0.0
    string-width: ^4.2.0
    which-module: ^2.0.0
    y18n: ^4.0.0
    yargs-parser: ^18.1.2
  checksum: 40b974f508d8aed28598087720e086ecd32a5fd3e945e95ea4457da04ee9bdb8bdd17fd91acff36dc5b7f0595a735929c514c40c402416bbb87c03f6fb782373
  languageName: node
  linkType: hard
